// !$*UTF8*$!
{
	archiveVersion = 1;
	classes = {
	};
	objectVersion = 56;
	objects = {

/* Begin PBXBuildFile section */
		3203F66D2DC4FA5500413F82 /* SourceSelectorViewController.swift in Sources */ = {isa = PBXBuildFile; fileRef = 3203F66C2DC4FA5500413F82 /* SourceSelectorViewController.swift */; };
		9BF483582DD6544000C80D1E /* NewsCardTableViewCell.swift in Sources */ = {isa = PBXBuildFile; fileRef = 9BF483572DD6544000C80D1E /* NewsCardTableViewCell.swift */; };
		9BFCD1B92DC24C58006F51D9 /* AppDelegate.swift in Sources */ = {isa = PBXBuildFile; fileRef = 9BFCD1B82DC24C58006F51D9 /* AppDelegate.swift */; };
		9BFCD1BB2DC24C59006F51D9 /* SceneDelegate.swift in Sources */ = {isa = PBXBuildFile; fileRef = 9BFCD1BA2DC24C59006F51D9 /* SceneDelegate.swift */; };
		9BFCD1BD2DC24C59006F51D9 /* ViewController.swift in Sources */ = {isa = PBXBuildFile; fileRef = 9BFCD1BC2DC24C59006F51D9 /* ViewController.swift */; };
		9BFCD1C02DC24C59006F51D9 /* Main.storyboard in Resources */ = {isa = PBXBuildFile; fileRef = 9BFCD1BE2DC24C59006F51D9 /* Main.storyboard */; };
		9BFCD1C22DC24C5A006F51D9 /* Assets.xcassets in Resources */ = {isa = PBXBuildFile; fileRef = 9BFCD1C12DC24C5A006F51D9 /* Assets.xcassets */; };
		9BFCD1C52DC24C5A006F51D9 /* LaunchScreen.storyboard in Resources */ = {isa = PBXBuildFile; fileRef = 9BFCD1C32DC24C5A006F51D9 /* LaunchScreen.storyboard */; };
		9BFCD1CF2DC25CB8006F51D9 /* DetailViewController.swift in Sources */ = {isa = PBXBuildFile; fileRef = 9BFCD1CE2DC25CB8006F51D9 /* DetailViewController.swift */; };
/* End PBXBuildFile section */

/* Begin PBXFileReference section */
		3203F66C2DC4FA5500413F82 /* SourceSelectorViewController.swift */ = {isa = PBXFileReference; lastKnownFileType = sourcecode.swift; path = SourceSelectorViewController.swift; sourceTree = "<group>"; };
		9BF483572DD6544000C80D1E /* NewsCardTableViewCell.swift */ = {isa = PBXFileReference; lastKnownFileType = sourcecode.swift; path = NewsCardTableViewCell.swift; sourceTree = "<group>"; };
		9BFCD1B52DC24C58006F51D9 /* Haber.app */ = {isa = PBXFileReference; explicitFileType = wrapper.application; includeInIndex = 0; path = Haber.app; sourceTree = BUILT_PRODUCTS_DIR; };
		9BFCD1B82DC24C58006F51D9 /* AppDelegate.swift */ = {isa = PBXFileReference; lastKnownFileType = sourcecode.swift; path = AppDelegate.swift; sourceTree = "<group>"; };
		9BFCD1BA2DC24C59006F51D9 /* SceneDelegate.swift */ = {isa = PBXFileReference; lastKnownFileType = sourcecode.swift; path = SceneDelegate.swift; sourceTree = "<group>"; };
		9BFCD1BC2DC24C59006F51D9 /* ViewController.swift */ = {isa = PBXFileReference; lastKnownFileType = sourcecode.swift; path = ViewController.swift; sourceTree = "<group>"; };
		9BFCD1BF2DC24C59006F51D9 /* Base */ = {isa = PBXFileReference; lastKnownFileType = file.storyboard; name = Base; path = Base.lproj/Main.storyboard; sourceTree = "<group>"; };
		9BFCD1C12DC24C5A006F51D9 /* Assets.xcassets */ = {isa = PBXFileReference; lastKnownFileType = folder.assetcatalog; path = Assets.xcassets; sourceTree = "<group>"; };
		9BFCD1C42DC24C5A006F51D9 /* Base */ = {isa = PBXFileReference; lastKnownFileType = file.storyboard; name = Base; path = Base.lproj/LaunchScreen.storyboard; sourceTree = "<group>"; };
		9BFCD1C62DC24C5A006F51D9 /* Info.plist */ = {isa = PBXFileReference; lastKnownFileType = text.plist.xml; path = Info.plist; sourceTree = "<group>"; };
		9BFCD1CE2DC25CB8006F51D9 /* DetailViewController.swift */ = {isa = PBXFileReference; lastKnownFileType = sourcecode.swift; path = DetailViewController.swift; sourceTree = "<group>"; };
/* End PBXFileReference section */

/* Begin PBXFrameworksBuildPhase section */
		9BFCD1B22DC24C58006F51D9 /* Frameworks */ = {
			isa = PBXFrameworksBuildPhase;
			buildActionMask = 2147483647;
			files = (
			);
			runOnlyForDeploymentPostprocessing = 0;
		};
/* End PBXFrameworksBuildPhase section */

/* Begin PBXGroup section */
		9BFCD1AC2DC24C58006F51D9 = {
			isa = PBXGroup;
			children = (
				9BFCD1B72DC24C58006F51D9 /* Haber */,
				9BFCD1B62DC24C58006F51D9 /* Products */,
			);
			sourceTree = "<group>";
		};
		9BFCD1B62DC24C58006F51D9 /* Products */ = {
			isa = PBXGroup;
			children = (
				9BFCD1B52DC24C58006F51D9 /* Haber.app */,
			);
			name = Products;
			sourceTree = "<group>";
		};
		9BFCD1B72DC24C58006F51D9 /* Haber */ = {
			isa = PBXGroup;
			children = (
				9BFCD1B82DC24C58006F51D9 /* AppDelegate.swift */,
				9BFCD1BA2DC24C59006F51D9 /* SceneDelegate.swift */,
				9BFCD1BC2DC24C59006F51D9 /* ViewController.swift */,
				9BFCD1BE2DC24C59006F51D9 /* Main.storyboard */,
				9BFCD1C12DC24C5A006F51D9 /* Assets.xcassets */,
				9BFCD1C32DC24C5A006F51D9 /* LaunchScreen.storyboard */,
				9BFCD1C62DC24C5A006F51D9 /* Info.plist */,
				9BFCD1CE2DC25CB8006F51D9 /* DetailViewController.swift */,
				3203F66C2DC4FA5500413F82 /* SourceSelectorViewController.swift */,
				9BF483572DD6544000C80D1E /* NewsCardTableViewCell.swift */,
			);
			path = Haber;
			sourceTree = "<group>";
		};
/* End PBXGroup section */

/* Begin PBXNativeTarget section */
		9BFCD1B42DC24C58006F51D9 /* Haber */ = {
			isa = PBXNativeTarget;
			buildConfigurationList = 9BFCD1C92DC24C5A006F51D9 /* Build configuration list for PBXNativeTarget "Haber" */;
			buildPhases = (
				9BFCD1B12DC24C58006F51D9 /* Sources */,
				9BFCD1B22DC24C58006F51D9 /* Frameworks */,
				9BFCD1B32DC24C58006F51D9 /* Resources */,
			);
			buildRules = (
			);
			dependencies = (
			);
			name = Haber;
			productName = Haber;
			productReference = 9BFCD1B52DC24C58006F51D9 /* Haber.app */;
			productType = "com.apple.product-type.application";
		};
/* End PBXNativeTarget section */

/* Begin PBXProject section */
		9BFCD1AD2DC24C58006F51D9 /* Project object */ = {
			isa = PBXProject;
			attributes = {
				BuildIndependentTargetsInParallel = 1;
				LastSwiftUpdateCheck = 1420;
				LastUpgradeCheck = 1420;
				TargetAttributes = {
					9BFCD1B42DC24C58006F51D9 = {
						CreatedOnToolsVersion = 14.2;
					};
				};
			};
			buildConfigurationList = 9BFCD1B02DC24C58006F51D9 /* Build configuration list for PBXProject "Haber" */;
			compatibilityVersion = "Xcode 14.0";
			developmentRegion = en;
			hasScannedForEncodings = 0;
			knownRegions = (
				en,
				Base,
			);
			mainGroup = 9BFCD1AC2DC24C58006F51D9;
			productRefGroup = 9BFCD1B62DC24C58006F51D9 /* Products */;
			projectDirPath = "";
			projectRoot = "";
			targets = (
				9BFCD1B42DC24C58006F51D9 /* Haber */,
			);
		};
/* End PBXProject section */

/* Begin PBXResourcesBuildPhase section */
		9BFCD1B32DC24C58006F51D9 /* Resources */ = {
			isa = PBXResourcesBuildPhase;
			buildActionMask = 2147483647;
			files = (
				9BFCD1C52DC24C5A006F51D9 /* LaunchScreen.storyboard in Resources */,
				9BFCD1C22DC24C5A006F51D9 /* Assets.xcassets in Resources */,
				9BFCD1C02DC24C59006F51D9 /* Main.storyboard in Resources */,
			);
			runOnlyForDeploymentPostprocessing = 0;
		};
/* End PBXResourcesBuildPhase section */

/* Begin PBXSourcesBuildPhase section */
		9BFCD1B12DC24C58006F51D9 /* Sources */ = {
			isa = PBXSourcesBuildPhase;
			buildActionMask = 2147483647;
			files = (
				9BFCD1BD2DC24C59006F51D9 /* ViewController.swift in Sources */,
				9BFCD1B92DC24C58006F51D9 /* AppDelegate.swift in Sources */,
				9BF483582DD6544000C80D1E /* NewsCardTableViewCell.swift in Sources */,
				9BFCD1BB2DC24C59006F51D9 /* SceneDelegate.swift in Sources */,
				3203F66D2DC4FA5500413F82 /* SourceSelectorViewController.swift in Sources */,
				9BFCD1CF2DC25CB8006F51D9 /* DetailViewController.swift in Sources */,
			);
			runOnlyForDeploymentPostprocessing = 0;
		};
/* End PBXSourcesBuildPhase section */

/* Begin PBXVariantGroup section */
		9BFCD1BE2DC24C59006F51D9 /* Main.storyboard */ = {
			isa = PBXVariantGroup;
			children = (
				9BFCD1BF2DC24C59006F51D9 /* Base */,
			);
			name = Main.storyboard;
			sourceTree = "<group>";
		};
		9BFCD1C32DC24C5A006F51D9 /* LaunchScreen.storyboard */ = {
			isa = PBXVariantGroup;
			children = (
				9BFCD1C42DC24C5A006F51D9 /* Base */,
			);
			name = LaunchScreen.storyboard;
			sourceTree = "<group>";
		};
/* End PBXVariantGroup section */

/* Begin XCBuildConfiguration section */
		9BFCD1C72DC24C5A006F51D9 /* Debug */ = {
			isa = XCBuildConfiguration;
			buildSettings = {
				ALWAYS_SEARCH_USER_PATHS = NO;
				CLANG_ANALYZER_NONNULL = YES;
				CLANG_ANALYZER_NUMBER_OBJECT_CONVERSION = YES_AGGRESSIVE;
				CLANG_CXX_LANGUAGE_STANDARD = "gnu++20";
				CLANG_ENABLE_MODULES = YES;
				CLANG_ENABLE_OBJC_ARC = YES;
				CLANG_ENABLE_OBJC_WEAK = YES;
				CLANG_WARN_BLOCK_CAPTURE_AUTORELEASING = YES;
				CLANG_WARN_BOOL_CONVERSION = YES;
				CLANG_WARN_COMMA = YES;
				CLANG_WARN_CONSTANT_CONVERSION = YES;
				CLANG_WARN_DEPRECATED_OBJC_IMPLEMENTATIONS = YES;
				CLANG_WARN_DIRECT_OBJC_ISA_USAGE = YES_ERROR;
				CLANG_WARN_DOCUMENTATION_COMMENTS = YES;
				CLANG_WARN_EMPTY_BODY = YES;
				CLANG_WARN_ENUM_CONVERSION = YES;
				CLANG_WARN_INFINITE_RECURSION = YES;
				CLANG_WARN_INT_CONVERSION = YES;
				CLANG_WARN_NON_LITERAL_NULL_CONVERSION = YES;
				CLANG_WARN_OBJC_IMPLICIT_RETAIN_SELF = YES;
				CLANG_WARN_OBJC_LITERAL_CONVERSION = YES;
				CLANG_WARN_OBJC_ROOT_CLASS = YES_ERROR;
				CLANG_WARN_QUOTED_INCLUDE_IN_FRAMEWORK_HEADER = YES;
				CLANG_WARN_RANGE_LOOP_ANALYSIS = YES;
				CLANG_WARN_STRICT_PROTOTYPES = YES;
				CLANG_WARN_SUSPICIOUS_MOVE = YES;
				CLANG_WARN_UNGUARDED_AVAILABILITY = YES_AGGRESSIVE;
				CLANG_WARN_UNREACHABLE_CODE = YES;
				CLANG_WARN__DUPLICATE_METHOD_MATCH = YES;
				COPY_PHASE_STRIP = NO;
				DEBUG_INFORMATION_FORMAT = dwarf;
				ENABLE_STRICT_OBJC_MSGSEND = YES;
				ENABLE_TESTABILITY = YES;
				GCC_C_LANGUAGE_STANDARD = gnu11;
				GCC_DYNAMIC_NO_PIC = NO;
				GCC_NO_COMMON_BLOCKS = YES;
				GCC_OPTIMIZATION_LEVEL = 0;
				GCC_PREPROCESSOR_DEFINITIONS = (
					"DEBUG=1",
					"$(inherited)",
				);
				GCC_WARN_64_TO_32_BIT_CONVERSION = YES;
				GCC_WARN_ABOUT_RETURN_TYPE = YES_ERROR;
				GCC_WARN_UNDECLARED_SELECTOR = YES;
				GCC_WARN_UNINITIALIZED_AUTOS = YES_AGGRESSIVE;
				GCC_WARN_UNUSED_FUNCTION = YES;
				GCC_WARN_UNUSED_VARIABLE = YES;
				IPHONEOS_DEPLOYMENT_TARGET = 16.2;
				MTL_ENABLE_DEBUG_INFO = INCLUDE_SOURCE;
				MTL_FAST_MATH = YES;
				ONLY_ACTIVE_ARCH = YES;
				SDKROOT = iphoneos;
				SWIFT_ACTIVE_COMPILATION_CONDITIONS = DEBUG;
				SWIFT_OPTIMIZATION_LEVEL = "-Onone";
			};
			name = Debug;
		};
		9BFCD1C82DC24C5A006F51D9 /* Release */ = {
			isa = XCBuildConfiguration;
			buildSettings = {
				ALWAYS_SEARCH_USER_PATHS = NO;
				CLANG_ANALYZER_NONNULL = YES;
				CLANG_ANALYZER_NUMBER_OBJECT_CONVERSION = YES_AGGRESSIVE;
				CLANG_CXX_LANGUAGE_STANDARD = "gnu++20";
				CLANG_ENABLE_MODULES = YES;
				CLANG_ENABLE_OBJC_ARC = YES;
				CLANG_ENABLE_OBJC_WEAK = YES;
				CLANG_WARN_BLOCK_CAPTURE_AUTORELEASING = YES;
				CLANG_WARN_BOOL_CONVERSION = YES;
				CLANG_WARN_COMMA = YES;
				CLANG_WARN_CONSTANT_CONVERSION = YES;
				CLANG_WARN_DEPRECATED_OBJC_IMPLEMENTATIONS = YES;
				CLANG_WARN_DIRECT_OBJC_ISA_USAGE = YES_ERROR;
				CLANG_WARN_DOCUMENTATION_COMMENTS = YES;
				CLANG_WARN_EMPTY_BODY = YES;
				CLANG_WARN_ENUM_CONVERSION = YES;
				CLANG_WARN_INFINITE_RECURSION = YES;
				CLANG_WARN_INT_CONVERSION = YES;
				CLANG_WARN_NON_LITERAL_NULL_CONVERSION = YES;
				CLANG_WARN_OBJC_IMPLICIT_RETAIN_SELF = YES;
				CLANG_WARN_OBJC_LITERAL_CONVERSION = YES;
				CLANG_WARN_OBJC_ROOT_CLASS = YES_ERROR;
				CLANG_WARN_QUOTED_INCLUDE_IN_FRAMEWORK_HEADER = YES;
				CLANG_WARN_RANGE_LOOP_ANALYSIS = YES;
				CLANG_WARN_STRICT_PROTOTYPES = YES;
				CLANG_WARN_SUSPICIOUS_MOVE = YES;
				CLANG_WARN_UNGUARDED_AVAILABILITY = YES_AGGRESSIVE;
				CLANG_WARN_UNREACHABLE_CODE = YES;
				CLANG_WARN__DUPLICATE_METHOD_MATCH = YES;
				COPY_PHASE_STRIP = NO;
				DEBUG_INFORMATION_FORMAT = "dwarf-with-dsym";
				ENABLE_NS_ASSERTIONS = NO;
				ENABLE_STRICT_OBJC_MSGSEND = YES;
				GCC_C_LANGUAGE_STANDARD = gnu11;
				GCC_NO_COMMON_BLOCKS = YES;
				GCC_WARN_64_TO_32_BIT_CONVERSION = YES;
				GCC_WARN_ABOUT_RETURN_TYPE = YES_ERROR;
				GCC_WARN_UNDECLARED_SELECTOR = YES;
				GCC_WARN_UNINITIALIZED_AUTOS = YES_AGGRESSIVE;
				GCC_WARN_UNUSED_FUNCTION = YES;
				GCC_WARN_UNUSED_VARIABLE = YES;
				IPHONEOS_DEPLOYMENT_TARGET = 16.2;
				MTL_ENABLE_DEBUG_INFO = NO;
				MTL_FAST_MATH = YES;
				SDKROOT = iphoneos;
				SWIFT_COMPILATION_MODE = wholemodule;
				SWIFT_OPTIMIZATION_LEVEL = "-O";
				VALIDATE_PRODUCT = YES;
			};
			name = Release;
		};
		9BFCD1CA2DC24C5A006F51D9 /* Debug */ = {
			isa = XCBuildConfiguration;
			buildSettings = {
				ASSETCATALOG_COMPILER_APPICON_NAME = AppIcon;
				ASSETCATALOG_COMPILER_GLOBAL_ACCENT_COLOR_NAME = AccentColor;
				CODE_SIGN_STYLE = Automatic;
				CURRENT_PROJECT_VERSION = 1;
				GENERATE_INFOPLIST_FILE = YES;
				INFOPLIST_FILE = Haber/Info.plist;
				INFOPLIST_KEY_UIApplicationSupportsIndirectInputEvents = YES;
				INFOPLIST_KEY_UILaunchStoryboardName = LaunchScreen;
				INFOPLIST_KEY_UIMainStoryboardFile = Main;
				INFOPLIST_KEY_UISupportedInterfaceOrientations_iPad = "UIInterfaceOrientationPortrait UIInterfaceOrientationPortraitUpsideDown UIInterfaceOrientationLandscapeLeft UIInterfaceOrientationLandscapeRight";
				INFOPLIST_KEY_UISupportedInterfaceOrientations_iPhone = "UIInterfaceOrientationPortrait UIInterfaceOrientationLandscapeLeft UIInterfaceOrientationLandscapeRight";
				LD_RUNPATH_SEARCH_PATHS = (
					"$(inherited)",
					"@executable_path/Frameworks",
				);
				MARKETING_VERSION = 1.0;
				PRODUCT_BUNDLE_IDENTIFIER = bks.Haber;
				PRODUCT_NAME = "$(TARGET_NAME)";
				SWIFT_EMIT_LOC_STRINGS = YES;
				SWIFT_VERSION = 5.0;
				TARGETED_DEVICE_FAMILY = "1,2";
			};
			name = Debug;
		};
		9BFCD1CB2DC24C5A006F51D9 /* Release */ = {
			isa = XCBuildConfiguration;
			buildSettings = {
				ASSETCATALOG_COMPILER_APPICON_NAME = AppIcon;
				ASSETCATALOG_COMPILER_GLOBAL_ACCENT_COLOR_NAME = AccentColor;
				CODE_SIGN_STYLE = Automatic;
				CURRENT_PROJECT_VERSION = 1;
				GENERATE_INFOPLIST_FILE = YES;
				INFOPLIST_FILE = Haber/Info.plist;
				INFOPLIST_KEY_UIApplicationSupportsIndirectInputEvents = YES;
				INFOPLIST_KEY_UILaunchStoryboardName = LaunchScreen;
				INFOPLIST_KEY_UIMainStoryboardFile = Main;
				INFOPLIST_KEY_UISupportedInterfaceOrientations_iPad = "UIInterfaceOrientationPortrait UIInterfaceOrientationPortraitUpsideDown UIInterfaceOrientationLandscapeLeft UIInterfaceOrientationLandscapeRight";
				INFOPLIST_KEY_UISupportedInterfaceOrientations_iPhone = "UIInterfaceOrientationPortrait UIInterfaceOrientationLandscapeLeft UIInterfaceOrientationLandscapeRight";
				LD_RUNPATH_SEARCH_PATHS = (
					"$(inherited)",
					"@executable_path/Frameworks",
				);
				MARKETING_VERSION = 1.0;
				PRODUCT_BUNDLE_IDENTIFIER = bks.Haber;
				PRODUCT_NAME = "$(TARGET_NAME)";
				SWIFT_EMIT_LOC_STRINGS = YES;
				SWIFT_VERSION = 5.0;
				TARGETED_DEVICE_FAMILY = "1,2";
			};
			name = Release;
		};
/* End XCBuildConfiguration section */

/* Begin XCConfigurationList section */
		9BFCD1B02DC24C58006F51D9 /* Build configuration list for PBXProject "Haber" */ = {
			isa = XCConfigurationList;
			buildConfigurations = (
				9BFCD1C72DC24C5A006F51D9 /* Debug */,
				9BFCD1C82DC24C5A006F51D9 /* Release */,
			);
			defaultConfigurationIsVisible = 0;
			defaultConfigurationName = Release;
		};
		9BFCD1C92DC24C5A006F51D9 /* Build configuration list for PBXNativeTarget "Haber" */ = {
			isa = XCConfigurationList;
			buildConfigurations = (
				9BFCD1CA2DC24C5A006F51D9 /* Debug */,
				9BFCD1CB2DC24C5A006F51D9 /* Release */,
			);
			defaultConfigurationIsVisible = 0;
			defaultConfigurationName = Release;
		};
/* End XCConfigurationList section */
	};
	rootObject = 9BFCD1AD2DC24C58006F51D9 /* Project object */;
}
